
Microsoft Visual Studio Solution File, Format Version 12.00
# Visual Studio Version 16
VisualStudioVersion = 16.0.29326.143
MinimumVisualStudioVersion = 10.0.40219.1
Project("{151D2E53-A2C4-4D7D-83FE-D05416EBD58E}") = "Andgasm.BB.ServiceBus.Deploy", "Andgasm.BB.ServiceBus.Deploy\Andgasm.BB.ServiceBus.Deploy.deployproj", "{1571CCA5-E99D-4CDE-B135-EC29EFBB47E6}"
EndProject
Project("{151D2E53-A2C4-4D7D-83FE-D05416EBD58E}") = "Andgasm.BB.SeasonParticipant.Deploy", "Andgasm.BB.SeasonParticipant.Deploy\Andgasm.BB.SeasonParticipant.Deploy.deployproj", "{6A40B6E9-F5B4-4ECF-AE88-D4E13A8CC1EC}"
EndProject
Project("{151D2E53-A2C4-4D7D-83FE-D05416EBD58E}") = "Andgasm.BB.SQLServer.Deploy", "Andgasm.BB.SQLServer.Deploy\Andgasm.BB.SQLServer.Deploy.deployproj", "{0292B00D-0F0C-47E1-85C7-53FB2CF7CF89}"
EndProject
Global
	GlobalSection(SolutionConfigurationPlatforms) = preSolution
		Debug|Any CPU = Debug|Any CPU
		Release|Any CPU = Release|Any CPU
	EndGlobalSection
	GlobalSection(ProjectConfigurationPlatforms) = postSolution
		{1571CCA5-E99D-4CDE-B135-EC29EFBB47E6}.Debug|Any CPU.ActiveCfg = Debug|Any CPU
		{1571CCA5-E99D-4CDE-B135-EC29EFBB47E6}.Debug|Any CPU.Build.0 = Debug|Any CPU
		{1571CCA5-E99D-4CDE-B135-EC29EFBB47E6}.Release|Any CPU.ActiveCfg = Release|Any CPU
		{1571CCA5-E99D-4CDE-B135-EC29EFBB47E6}.Release|Any CPU.Build.0 = Release|Any CPU
		{6A40B6E9-F5B4-4ECF-AE88-D4E13A8CC1EC}.Debug|Any CPU.ActiveCfg = Debug|Any CPU
		{6A40B6E9-F5B4-4ECF-AE88-D4E13A8CC1EC}.Debug|Any CPU.Build.0 = Debug|Any CPU
		{6A40B6E9-F5B4-4ECF-AE88-D4E13A8CC1EC}.Release|Any CPU.ActiveCfg = Release|Any CPU
		{6A40B6E9-F5B4-4ECF-AE88-D4E13A8CC1EC}.Release|Any CPU.Build.0 = Release|Any CPU
		{0292B00D-0F0C-47E1-85C7-53FB2CF7CF89}.Debug|Any CPU.ActiveCfg = Debug|Any CPU
		{0292B00D-0F0C-47E1-85C7-53FB2CF7CF89}.Debug|Any CPU.Build.0 = Debug|Any CPU
		{0292B00D-0F0C-47E1-85C7-53FB2CF7CF89}.Release|Any CPU.ActiveCfg = Release|Any CPU
		{0292B00D-0F0C-47E1-85C7-53FB2CF7CF89}.Release|Any CPU.Build.0 = Release|Any CPU
	EndGlobalSection
	GlobalSection(SolutionProperties) = preSolution
		HideSolutionNode = FALSE
	EndGlobalSection
	GlobalSection(ExtensibilityGlobals) = postSolution
		SolutionGuid = {B652354F-81DC-4CF9-99EA-F391EBBDDB56}
	EndGlobalSection
EndGlobal
